// !$*UTF8*$!
{
	archiveVersion = 1;
	classes = {
	};
	objectVersion = 77;
	objects = {

/* Begin PBXBuildFile section */
		81AC84432DBAF37700C8D835 /* Quick UC Extension.appex in Embed Foundation Extensions */ = {isa = PBXBuildFile; fileRef = 81AC84422DBAF37700C8D835 /* Quick UC Extension.appex */; settings = {ATTRIBUTES = (RemoveHeadersOnCopy, ); }; };
/* End PBXBuildFile section */

/* Begin PBXContainerItemProxy section */
		81AC842D2DBAF37700C8D835 /* PBXContainerItemProxy */ = {
			isa = PBXContainerItemProxy;
			containerPortal = 81AC84082DBAF37500C8D835 /* Project object */;
			proxyType = 1;
			remoteGlobalIDString = 81AC840F2DBAF37500C8D835;
			remoteInfo = "Quick UC";
		};
		81AC84372DBAF37700C8D835 /* PBXContainerItemProxy */ = {
			isa = PBXContainerItemProxy;
			containerPortal = 81AC84082DBAF37500C8D835 /* Project object */;
			proxyType = 1;
			remoteGlobalIDString = 81AC840F2DBAF37500C8D835;
			remoteInfo = "Quick UC";
		};
		81AC84442DBAF37700C8D835 /* PBXContainerItemProxy */ = {
			isa = PBXContainerItemProxy;
			containerPortal = 81AC84082DBAF37500C8D835 /* Project object */;
			proxyType = 1;
			remoteGlobalIDString = 81AC84412DBAF37700C8D835;
			remoteInfo = "Quick UC Extension";
		};
/* End PBXContainerItemProxy section */

/* Begin PBXCopyFilesBuildPhase section */
		81AC84622DBAF37700C8D835 /* Embed Foundation Extensions */ = {
			isa = PBXCopyFilesBuildPhase;
			buildActionMask = 2147483647;
			dstPath = "";
			dstSubfolderSpec = 13;
			files = (
				81AC84432DBAF37700C8D835 /* Quick UC Extension.appex in Embed Foundation Extensions */,
			);
			name = "Embed Foundation Extensions";
			runOnlyForDeploymentPostprocessing = 0;
		};
/* End PBXCopyFilesBuildPhase section */

/* Begin PBXFileReference section */
		81AC84102DBAF37500C8D835 /* Quick UC.app */ = {isa = PBXFileReference; explicitFileType = wrapper.application; includeInIndex = 0; path = "Quick UC.app"; sourceTree = BUILT_PRODUCTS_DIR; };
		81AC842C2DBAF37700C8D835 /* Quick UCTests.xctest */ = {isa = PBXFileReference; explicitFileType = wrapper.cfbundle; includeInIndex = 0; path = "Quick UCTests.xctest"; sourceTree = BUILT_PRODUCTS_DIR; };
		81AC84362DBAF37700C8D835 /* Quick UCUITests.xctest */ = {isa = PBXFileReference; explicitFileType = wrapper.cfbundle; includeInIndex = 0; path = "Quick UCUITests.xctest"; sourceTree = BUILT_PRODUCTS_DIR; };
		81AC84422DBAF37700C8D835 /* Quick UC Extension.appex */ = {isa = PBXFileReference; explicitFileType = "wrapper.app-extension"; includeInIndex = 0; path = "Quick UC Extension.appex"; sourceTree = BUILT_PRODUCTS_DIR; };
/* End PBXFileReference section */

/* Begin PBXFileSystemSynchronizedBuildFileExceptionSet section */
		81AC845C2DBAF37700C8D835 /* Exceptions for "Quick UC Extension" folder in "Quick UC Extension" target */ = {
			isa = PBXFileSystemSynchronizedBuildFileExceptionSet;
			membershipExceptions = (
				Info.plist,
			);
			target = 81AC84412DBAF37700C8D835 /* Quick UC Extension */;
		};
/* End PBXFileSystemSynchronizedBuildFileExceptionSet section */

/* Begin PBXFileSystemSynchronizedRootGroup section */
		81AC84122DBAF37500C8D835 /* Quick UC */ = {
			isa = PBXFileSystemSynchronizedRootGroup;
			path = "Quick UC";
			sourceTree = "<group>";
		};
		81AC842F2DBAF37700C8D835 /* Quick UCTests */ = {
			isa = PBXFileSystemSynchronizedRootGroup;
			path = "Quick UCTests";
			sourceTree = "<group>";
		};
		81AC84392DBAF37700C8D835 /* Quick UCUITests */ = {
			isa = PBXFileSystemSynchronizedRootGroup;
			path = "Quick UCUITests";
			sourceTree = "<group>";
		};
		81AC84462DBAF37700C8D835 /* Quick UC Extension */ = {
			isa = PBXFileSystemSynchronizedRootGroup;
			exceptions = (
				81AC845C2DBAF37700C8D835 /* Exceptions for "Quick UC Extension" folder in "Quick UC Extension" target */,
			);
			explicitFolders = (
				Resources/_locales,
				Resources/images,
			);
			path = "Quick UC Extension";
			sourceTree = "<group>";
		};
/* End PBXFileSystemSynchronizedRootGroup section */

/* Begin PBXFrameworksBuildPhase section */
		81AC840D2DBAF37500C8D835 /* Frameworks */ = {
			isa = PBXFrameworksBuildPhase;
			buildActionMask = 2147483647;
			files = (
			);
			runOnlyForDeploymentPostprocessing = 0;
		};
		81AC84292DBAF37700C8D835 /* Frameworks */ = {
			isa = PBXFrameworksBuildPhase;
			buildActionMask = 2147483647;
			files = (
			);
			runOnlyForDeploymentPostprocessing = 0;
		};
		81AC84332DBAF37700C8D835 /* Frameworks */ = {
			isa = PBXFrameworksBuildPhase;
			buildActionMask = 2147483647;
			files = (
			);
			runOnlyForDeploymentPostprocessing = 0;
		};
		81AC843F2DBAF37700C8D835 /* Frameworks */ = {
			isa = PBXFrameworksBuildPhase;
			buildActionMask = 2147483647;
			files = (
			);
			runOnlyForDeploymentPostprocessing = 0;
		};
/* End PBXFrameworksBuildPhase section */

/* Begin PBXGroup section */
		81AC84072DBAF37500C8D835 = {
			isa = PBXGroup;
			children = (
				81AC84122DBAF37500C8D835 /* Quick UC */,
				81AC842F2DBAF37700C8D835 /* Quick UCTests */,
				81AC84392DBAF37700C8D835 /* Quick UCUITests */,
				81AC84462DBAF37700C8D835 /* Quick UC Extension */,
				81AC84112DBAF37500C8D835 /* Products */,
			);
			sourceTree = "<group>";
		};
		81AC84112DBAF37500C8D835 /* Products */ = {
			isa = PBXGroup;
			children = (
				81AC84102DBAF37500C8D835 /* Quick UC.app */,
				81AC842C2DBAF37700C8D835 /* Quick UCTests.xctest */,
				81AC84362DBAF37700C8D835 /* Quick UCUITests.xctest */,
				81AC84422DBAF37700C8D835 /* Quick UC Extension.appex */,
			);
			name = Products;
			sourceTree = "<group>";
		};
/* End PBXGroup section */

/* Begin PBXNativeTarget section */
		81AC840F2DBAF37500C8D835 /* Quick UC */ = {
			isa = PBXNativeTarget;
			buildConfigurationList = 81AC84632DBAF37700C8D835 /* Build configuration list for PBXNativeTarget "Quick UC" */;
			buildPhases = (
				81AC840C2DBAF37500C8D835 /* Sources */,
				81AC840D2DBAF37500C8D835 /* Frameworks */,
				81AC840E2DBAF37500C8D835 /* Resources */,
				81AC84622DBAF37700C8D835 /* Embed Foundation Extensions */,
			);
			buildRules = (
			);
			dependencies = (
				81AC84452DBAF37700C8D835 /* PBXTargetDependency */,
			);
			fileSystemSynchronizedGroups = (
				81AC84122DBAF37500C8D835 /* Quick UC */,
			);
			name = "Quick UC";
			packageProductDependencies = (
			);
			productName = "Quick UC";
			productReference = 81AC84102DBAF37500C8D835 /* Quick UC.app */;
			productType = "com.apple.product-type.application";
		};
		81AC842B2DBAF37700C8D835 /* Quick UCTests */ = {
			isa = PBXNativeTarget;
			buildConfigurationList = 81AC84662DBAF37700C8D835 /* Build configuration list for PBXNativeTarget "Quick UCTests" */;
			buildPhases = (
				81AC84282DBAF37700C8D835 /* Sources */,
				81AC84292DBAF37700C8D835 /* Frameworks */,
				81AC842A2DBAF37700C8D835 /* Resources */,
			);
			buildRules = (
			);
			dependencies = (
				81AC842E2DBAF37700C8D835 /* PBXTargetDependency */,
			);
			fileSystemSynchronizedGroups = (
				81AC842F2DBAF37700C8D835 /* Quick UCTests */,
			);
			name = "Quick UCTests";
			packageProductDependencies = (
			);
			productName = "Quick UCTests";
			productReference = 81AC842C2DBAF37700C8D835 /* Quick UCTests.xctest */;
			productType = "com.apple.product-type.bundle.unit-test";
		};
		81AC84352DBAF37700C8D835 /* Quick UCUITests */ = {
			isa = PBXNativeTarget;
			buildConfigurationList = 81AC84692DBAF37700C8D835 /* Build configuration list for PBXNativeTarget "Quick UCUITests" */;
			buildPhases = (
				81AC84322DBAF37700C8D835 /* Sources */,
				81AC84332DBAF37700C8D835 /* Frameworks */,
				81AC84342DBAF37700C8D835 /* Resources */,
			);
			buildRules = (
			);
			dependencies = (
				81AC84382DBAF37700C8D835 /* PBXTargetDependency */,
			);
			fileSystemSynchronizedGroups = (
				81AC84392DBAF37700C8D835 /* Quick UCUITests */,
			);
			name = "Quick UCUITests";
			packageProductDependencies = (
			);
			productName = "Quick UCUITests";
			productReference = 81AC84362DBAF37700C8D835 /* Quick UCUITests.xctest */;
			productType = "com.apple.product-type.bundle.ui-testing";
		};
		81AC84412DBAF37700C8D835 /* Quick UC Extension */ = {
			isa = PBXNativeTarget;
			buildConfigurationList = 81AC845D2DBAF37700C8D835 /* Build configuration list for PBXNativeTarget "Quick UC Extension" */;
			buildPhases = (
				81AC843E2DBAF37700C8D835 /* Sources */,
				81AC843F2DBAF37700C8D835 /* Frameworks */,
				81AC84402DBAF37700C8D835 /* Resources */,
			);
			buildRules = (
			);
			dependencies = (
			);
			fileSystemSynchronizedGroups = (
				81AC84462DBAF37700C8D835 /* Quick UC Extension */,
			);
			name = "Quick UC Extension";
			packageProductDependencies = (
			);
			productName = "Quick UC Extension";
			productReference = 81AC84422DBAF37700C8D835 /* Quick UC Extension.appex */;
			productType = "com.apple.product-type.app-extension";
		};
/* End PBXNativeTarget section */

/* Begin PBXProject section */
		81AC84082DBAF37500C8D835 /* Project object */ = {
			isa = PBXProject;
			attributes = {
				BuildIndependentTargetsInParallel = 1;
				LastSwiftUpdateCheck = 1630;
				LastUpgradeCheck = 1630;
				TargetAttributes = {
					81AC840F2DBAF37500C8D835 = {
						CreatedOnToolsVersion = 16.3;
					};
					81AC842B2DBAF37700C8D835 = {
						CreatedOnToolsVersion = 16.3;
						TestTargetID = 81AC840F2DBAF37500C8D835;
					};
					81AC84352DBAF37700C8D835 = {
						CreatedOnToolsVersion = 16.3;
						TestTargetID = 81AC840F2DBAF37500C8D835;
					};
					81AC84412DBAF37700C8D835 = {
						CreatedOnToolsVersion = 16.3;
					};
				};
			};
			buildConfigurationList = 81AC840B2DBAF37500C8D835 /* Build configuration list for PBXProject "Quick UC" */;
			developmentRegion = en;
			hasScannedForEncodings = 0;
			knownRegions = (
				en,
				Base,
			);
			mainGroup = 81AC84072DBAF37500C8D835;
			minimizedProjectReferenceProxies = 1;
			preferredProjectObjectVersion = 77;
			productRefGroup = 81AC84112DBAF37500C8D835 /* Products */;
			projectDirPath = "";
			projectRoot = "";
			targets = (
				81AC840F2DBAF37500C8D835 /* Quick UC */,
				81AC842B2DBAF37700C8D835 /* Quick UCTests */,
				81AC84352DBAF37700C8D835 /* Quick UCUITests */,
				81AC84412DBAF37700C8D835 /* Quick UC Extension */,
			);
		};
/* End PBXProject section */

/* Begin PBXResourcesBuildPhase section */
		81AC840E2DBAF37500C8D835 /* Resources */ = {
			isa = PBXResourcesBuildPhase;
			buildActionMask = 2147483647;
			files = (
			);
			runOnlyForDeploymentPostprocessing = 0;
		};
		81AC842A2DBAF37700C8D835 /* Resources */ = {
			isa = PBXResourcesBuildPhase;
			buildActionMask = 2147483647;
			files = (
			);
			runOnlyForDeploymentPostprocessing = 0;
		};
		81AC84342DBAF37700C8D835 /* Resources */ = {
			isa = PBXResourcesBuildPhase;
			buildActionMask = 2147483647;
			files = (
			);
			runOnlyForDeploymentPostprocessing = 0;
		};
		81AC84402DBAF37700C8D835 /* Resources */ = {
			isa = PBXResourcesBuildPhase;
			buildActionMask = 2147483647;
			files = (
			);
			runOnlyForDeploymentPostprocessing = 0;
		};
/* End PBXResourcesBuildPhase section */

/* Begin PBXSourcesBuildPhase section */
		81AC840C2DBAF37500C8D835 /* Sources */ = {
			isa = PBXSourcesBuildPhase;
			buildActionMask = 2147483647;
			files = (
			);
			runOnlyForDeploymentPostprocessing = 0;
		};
		81AC84282DBAF37700C8D835 /* Sources */ = {
			isa = PBXSourcesBuildPhase;
			buildActionMask = 2147483647;
			files = (
			);
			runOnlyForDeploymentPostprocessing = 0;
		};
		81AC84322DBAF37700C8D835 /* Sources */ = {
			isa = PBXSourcesBuildPhase;
			buildActionMask = 2147483647;
			files = (
			);
			runOnlyForDeploymentPostprocessing = 0;
		};
		81AC843E2DBAF37700C8D835 /* Sources */ = {
			isa = PBXSourcesBuildPhase;
			buildActionMask = 2147483647;
			files = (
			);
			runOnlyForDeploymentPostprocessing = 0;
		};
/* End PBXSourcesBuildPhase section */

/* Begin PBXTargetDependency section */
		81AC842E2DBAF37700C8D835 /* PBXTargetDependency */ = {
			isa = PBXTargetDependency;
			target = 81AC840F2DBAF37500C8D835 /* Quick UC */;
			targetProxy = 81AC842D2DBAF37700C8D835 /* PBXContainerItemProxy */;
		};
		81AC84382DBAF37700C8D835 /* PBXTargetDependency */ = {
			isa = PBXTargetDependency;
			target = 81AC840F2DBAF37500C8D835 /* Quick UC */;
			targetProxy = 81AC84372DBAF37700C8D835 /* PBXContainerItemProxy */;
		};
		81AC84452DBAF37700C8D835 /* PBXTargetDependency */ = {
			isa = PBXTargetDependency;
			target = 81AC84412DBAF37700C8D835 /* Quick UC Extension */;
			targetProxy = 81AC84442DBAF37700C8D835 /* PBXContainerItemProxy */;
		};
/* End PBXTargetDependency section */

/* Begin XCBuildConfiguration section */
		81AC845E2DBAF37700C8D835 /* Debug */ = {
			isa = XCBuildConfiguration;
			buildSettings = {
				CODE_SIGN_ENTITLEMENTS = "Quick UC Extension/Quick_UC_Extension.entitlements";
				CODE_SIGN_STYLE = Automatic;
				CURRENT_PROJECT_VERSION = 1;
				DEVELOPMENT_TEAM = NDBG6FYALZ;
				ENABLE_HARDENED_RUNTIME = YES;
				GENERATE_INFOPLIST_FILE = YES;
				INFOPLIST_FILE = "Quick UC Extension/Info.plist";
				INFOPLIST_KEY_CFBundleDisplayName = "Quick UC Extension";
				INFOPLIST_KEY_NSHumanReadableCopyright = "";
				LD_RUNPATH_SEARCH_PATHS = (
					"$(inherited)",
					"@executable_path/../Frameworks",
					"@executable_path/../../../../Frameworks",
				);
				MACOSX_DEPLOYMENT_TARGET = 10.14;
				MARKETING_VERSION = 1.0;
				OTHER_LDFLAGS = (
					"-framework",
					SafariServices,
				);
				PRODUCT_BUNDLE_IDENTIFIER = "com.jjsm.Quick-UC.Extension";
				PRODUCT_NAME = "$(TARGET_NAME)";
				SKIP_INSTALL = YES;
				SWIFT_EMIT_LOC_STRINGS = YES;
				SWIFT_VERSION = 5.0;
			};
			name = Debug;
		};
		81AC845F2DBAF37700C8D835 /* Release */ = {
			isa = XCBuildConfiguration;
			buildSettings = {
				CODE_SIGN_ENTITLEMENTS = "Quick UC Extension/Quick_UC_Extension.entitlements";
				CODE_SIGN_STYLE = Automatic;
				CURRENT_PROJECT_VERSION = 1;
				DEVELOPMENT_TEAM = NDBG6FYALZ;
				ENABLE_HARDENED_RUNTIME = YES;
				GENERATE_INFOPLIST_FILE = YES;
				INFOPLIST_FILE = "Quick UC Extension/Info.plist";
				INFOPLIST_KEY_CFBundleDisplayName = "Quick UC Extension";
				INFOPLIST_KEY_NSHumanReadableCopyright = "";
				LD_RUNPATH_SEARCH_PATHS = (
					"$(inherited)",
					"@executable_path/../Frameworks",
					"@executable_path/../../../../Frameworks",
				);
				MACOSX_DEPLOYMENT_TARGET = 10.14;
				MARKETING_VERSION = 1.0;
				OTHER_LDFLAGS = (
					"-framework",
					SafariServices,
				);
				PRODUCT_BUNDLE_IDENTIFIER = "com.jjsm.Quick-UC.Extension";
				PRODUCT_NAME = "$(TARGET_NAME)";
				SKIP_INSTALL = YES;
				SWIFT_EMIT_LOC_STRINGS = YES;
				SWIFT_VERSION = 5.0;
			};
			name = Release;
		};
		81AC84602DBAF37700C8D835 /* Debug */ = {
			isa = XCBuildConfiguration;
			buildSettings = {
				ALWAYS_SEARCH_USER_PATHS = NO;
				ASSETCATALOG_COMPILER_GENERATE_SWIFT_ASSET_SYMBOL_EXTENSIONS = YES;
				CLANG_ANALYZER_NONNULL = YES;
				CLANG_ANALYZER_NUMBER_OBJECT_CONVERSION = YES_AGGRESSIVE;
				CLANG_CXX_LANGUAGE_STANDARD = "gnu++20";
				CLANG_ENABLE_MODULES = YES;
				CLANG_ENABLE_OBJC_ARC = YES;
				CLANG_ENABLE_OBJC_WEAK = YES;
				CLANG_WARN_BLOCK_CAPTURE_AUTORELEASING = YES;
				CLANG_WARN_BOOL_CONVERSION = YES;
				CLANG_WARN_COMMA = YES;
				CLANG_WARN_CONSTANT_CONVERSION = YES;
				CLANG_WARN_DEPRECATED_OBJC_IMPLEMENTATIONS = YES;
				CLANG_WARN_DIRECT_OBJC_ISA_USAGE = YES_ERROR;
				CLANG_WARN_DOCUMENTATION_COMMENTS = YES;
				CLANG_WARN_EMPTY_BODY = YES;
				CLANG_WARN_ENUM_CONVERSION = YES;
				CLANG_WARN_INFINITE_RECURSION = YES;
				CLANG_WARN_INT_CONVERSION = YES;
				CLANG_WARN_NON_LITERAL_NULL_CONVERSION = YES;
				CLANG_WARN_OBJC_IMPLICIT_RETAIN_SELF = YES;
				CLANG_WARN_OBJC_LITERAL_CONVERSION = YES;
				CLANG_WARN_OBJC_ROOT_CLASS = YES_ERROR;
				CLANG_WARN_QUOTED_INCLUDE_IN_FRAMEWORK_HEADER = YES;
				CLANG_WARN_RANGE_LOOP_ANALYSIS = YES;
				CLANG_WARN_STRICT_PROTOTYPES = YES;
				CLANG_WARN_SUSPICIOUS_MOVE = YES;
				CLANG_WARN_UNGUARDED_AVAILABILITY = YES_AGGRESSIVE;
				CLANG_WARN_UNREACHABLE_CODE = YES;
				CLANG_WARN__DUPLICATE_METHOD_MATCH = YES;
				COPY_PHASE_STRIP = NO;
				DEBUG_INFORMATION_FORMAT = dwarf;
				DEVELOPMENT_TEAM = NDBG6FYALZ;
				ENABLE_STRICT_OBJC_MSGSEND = YES;
				ENABLE_TESTABILITY = YES;
				ENABLE_USER_SCRIPT_SANDBOXING = YES;
				GCC_C_LANGUAGE_STANDARD = gnu17;
				GCC_DYNAMIC_NO_PIC = NO;
				GCC_NO_COMMON_BLOCKS = YES;
				GCC_OPTIMIZATION_LEVEL = 0;
				GCC_PREPROCESSOR_DEFINITIONS = (
					"DEBUG=1",
					"$(inherited)",
				);
				GCC_WARN_64_TO_32_BIT_CONVERSION = YES;
				GCC_WARN_ABOUT_RETURN_TYPE = YES_ERROR;
				GCC_WARN_UNDECLARED_SELECTOR = YES;
				GCC_WARN_UNINITIALIZED_AUTOS = YES_AGGRESSIVE;
				GCC_WARN_UNUSED_FUNCTION = YES;
				GCC_WARN_UNUSED_VARIABLE = YES;
				LOCALIZATION_PREFERS_STRING_CATALOGS = YES;
				MACOSX_DEPLOYMENT_TARGET = 15.3;
				MTL_ENABLE_DEBUG_INFO = INCLUDE_SOURCE;
				MTL_FAST_MATH = YES;
				ONLY_ACTIVE_ARCH = YES;
				SDKROOT = macosx;
				SWIFT_ACTIVE_COMPILATION_CONDITIONS = "DEBUG $(inherited)";
				SWIFT_OPTIMIZATION_LEVEL = "-Onone";
			};
			name = Debug;
		};
		81AC84612DBAF37700C8D835 /* Release */ = {
			isa = XCBuildConfiguration;
			buildSettings = {
				ALWAYS_SEARCH_USER_PATHS = NO;
				ASSETCATALOG_COMPILER_GENERATE_SWIFT_ASSET_SYMBOL_EXTENSIONS = YES;
				CLANG_ANALYZER_NONNULL = YES;
				CLANG_ANALYZER_NUMBER_OBJECT_CONVERSION = YES_AGGRESSIVE;
				CLANG_CXX_LANGUAGE_STANDARD = "gnu++20";
				CLANG_ENABLE_MODULES = YES;
				CLANG_ENABLE_OBJC_ARC = YES;
				CLANG_ENABLE_OBJC_WEAK = YES;
				CLANG_WARN_BLOCK_CAPTURE_AUTORELEASING = YES;
				CLANG_WARN_BOOL_CONVERSION = YES;
				CLANG_WARN_COMMA = YES;
				CLANG_WARN_CONSTANT_CONVERSION = YES;
				CLANG_WARN_DEPRECATED_OBJC_IMPLEMENTATIONS = YES;
				CLANG_WARN_DIRECT_OBJC_ISA_USAGE = YES_ERROR;
				CLANG_WARN_DOCUMENTATION_COMMENTS = YES;
				CLANG_WARN_EMPTY_BODY = YES;
				CLANG_WARN_ENUM_CONVERSION = YES;
				CLANG_WARN_INFINITE_RECURSION = YES;
				CLANG_WARN_INT_CONVERSION = YES;
				CLANG_WARN_NON_LITERAL_NULL_CONVERSION = YES;
				CLANG_WARN_OBJC_IMPLICIT_RETAIN_SELF = YES;
				CLANG_WARN_OBJC_LITERAL_CONVERSION = YES;
				CLANG_WARN_OBJC_ROOT_CLASS = YES_ERROR;
				CLANG_WARN_QUOTED_INCLUDE_IN_FRAMEWORK_HEADER = YES;
				CLANG_WARN_RANGE_LOOP_ANALYSIS = YES;
				CLANG_WARN_STRICT_PROTOTYPES = YES;
				CLANG_WARN_SUSPICIOUS_MOVE = YES;
				CLANG_WARN_UNGUARDED_AVAILABILITY = YES_AGGRESSIVE;
				CLANG_WARN_UNREACHABLE_CODE = YES;
				CLANG_WARN__DUPLICATE_METHOD_MATCH = YES;
				COPY_PHASE_STRIP = NO;
				DEBUG_INFORMATION_FORMAT = "dwarf-with-dsym";
				DEVELOPMENT_TEAM = NDBG6FYALZ;
				ENABLE_NS_ASSERTIONS = NO;
				ENABLE_STRICT_OBJC_MSGSEND = YES;
				ENABLE_USER_SCRIPT_SANDBOXING = YES;
				GCC_C_LANGUAGE_STANDARD = gnu17;
				GCC_NO_COMMON_BLOCKS = YES;
				GCC_WARN_64_TO_32_BIT_CONVERSION = YES;
				GCC_WARN_ABOUT_RETURN_TYPE = YES_ERROR;
				GCC_WARN_UNDECLARED_SELECTOR = YES;
				GCC_WARN_UNINITIALIZED_AUTOS = YES_AGGRESSIVE;
				GCC_WARN_UNUSED_FUNCTION = YES;
				GCC_WARN_UNUSED_VARIABLE = YES;
				LOCALIZATION_PREFERS_STRING_CATALOGS = YES;
				MACOSX_DEPLOYMENT_TARGET = 15.3;
				MTL_ENABLE_DEBUG_INFO = NO;
				MTL_FAST_MATH = YES;
				SDKROOT = macosx;
				SWIFT_COMPILATION_MODE = wholemodule;
			};
			name = Release;
		};
		81AC84642DBAF37700C8D835 /* Debug */ = {
			isa = XCBuildConfiguration;
			buildSettings = {
				ASSETCATALOG_COMPILER_APPICON_NAME = AppIcon;
				ASSETCATALOG_COMPILER_GLOBAL_ACCENT_COLOR_NAME = AccentColor;
				ASSETCATALOG_COMPILER_INCLUDE_ALL_APPICON_ASSETS = NO;
				CODE_SIGN_ENTITLEMENTS = "Quick UC/Quick UC.entitlements";
				CODE_SIGN_STYLE = Automatic;
				COMBINE_HIDPI_IMAGES = YES;
				CURRENT_PROJECT_VERSION = 1;
				DEVELOPMENT_ASSET_PATHS = "Quick\\ UC/Resources/AppIcon.icns";
				DEVELOPMENT_TEAM = NDBG6FYALZ;
				ENABLE_HARDENED_RUNTIME = YES;
				GENERATE_INFOPLIST_FILE = YES;
				INFOPLIST_KEY_CFBundleDisplayName = "Quick UC";
				INFOPLIST_KEY_LSApplicationCategoryType = "public.app-category.education";
				INFOPLIST_KEY_NSHumanReadableCopyright = "";
				INFOPLIST_KEY_NSMainStoryboardFile = Main;
				INFOPLIST_KEY_NSPrincipalClass = NSApplication;
				LD_RUNPATH_SEARCH_PATHS = (
					"$(inherited)",
					"@executable_path/../Frameworks",
				);
				MACOSX_DEPLOYMENT_TARGET = 14.6;
				MARKETING_VERSION = 1.0;
				OTHER_LDFLAGS = (
					"-framework",
					SafariServices,
					"-framework",
					WebKit,
				);
				PRODUCT_BUNDLE_IDENTIFIER = "com.jjsm.Quick-UC";
				PRODUCT_NAME = "$(TARGET_NAME)";
				REGISTER_APP_GROUPS = YES;
				SWIFT_EMIT_LOC_STRINGS = YES;
				SWIFT_VERSION = 5.0;
			};
			name = Debug;
		};
		81AC84652DBAF37700C8D835 /* Release */ = {
			isa = XCBuildConfiguration;
			buildSettings = {
				ASSETCATALOG_COMPILER_APPICON_NAME = AppIcon;
				ASSETCATALOG_COMPILER_GLOBAL_ACCENT_COLOR_NAME = AccentColor;
				ASSETCATALOG_COMPILER_INCLUDE_ALL_APPICON_ASSETS = NO;
				CODE_SIGN_ENTITLEMENTS = "Quick UC/Quick UC.entitlements";
				CODE_SIGN_STYLE = Automatic;
				COMBINE_HIDPI_IMAGES = YES;
				CURRENT_PROJECT_VERSION = 1;
				DEVELOPMENT_ASSET_PATHS = "Quick\\ UC/Resources/AppIcon.icns";
				DEVELOPMENT_TEAM = NDBG6FYALZ;
				ENABLE_HARDENED_RUNTIME = YES;
				GENERATE_INFOPLIST_FILE = YES;
				INFOPLIST_KEY_CFBundleDisplayName = "Quick UC";
				INFOPLIST_KEY_LSApplicationCategoryType = "public.app-category.education";
				INFOPLIST_KEY_NSHumanReadableCopyright = "";
				INFOPLIST_KEY_NSMainStoryboardFile = Main;
				INFOPLIST_KEY_NSPrincipalClass = NSApplication;
				LD_RUNPATH_SEARCH_PATHS = (
					"$(inherited)",
					"@executable_path/../Frameworks",
				);
				MACOSX_DEPLOYMENT_TARGET = 14.6;
				MARKETING_VERSION = 1.0;
				OTHER_LDFLAGS = (
					"-framework",
					SafariServices,
					"-framework",
					WebKit,
				);
				PRODUCT_BUNDLE_IDENTIFIER = "com.jjsm.Quick-UC";
				PRODUCT_NAME = "$(TARGET_NAME)";
				REGISTER_APP_GROUPS = YES;
				SWIFT_EMIT_LOC_STRINGS = YES;
				SWIFT_VERSION = 5.0;
			};
			name = Release;
		};
		81AC84672DBAF37700C8D835 /* Debug */ = {
			isa = XCBuildConfiguration;
			buildSettings = {
				BUNDLE_LOADER = "$(TEST_HOST)";
				CODE_SIGN_STYLE = Automatic;
				CURRENT_PROJECT_VERSION = 1;
				DEVELOPMENT_TEAM = NDBG6FYALZ;
				GENERATE_INFOPLIST_FILE = YES;
				MACOSX_DEPLOYMENT_TARGET = 10.14;
				MARKETING_VERSION = 1.0;
				PRODUCT_BUNDLE_IDENTIFIER = "com.jjsm.Quick-UCTests";
				PRODUCT_NAME = "$(TARGET_NAME)";
				SWIFT_EMIT_LOC_STRINGS = NO;
				SWIFT_VERSION = 5.0;
				TEST_HOST = "$(BUILT_PRODUCTS_DIR)/Quick UC.app/$(BUNDLE_EXECUTABLE_FOLDER_PATH)/Quick UC";
			};
			name = Debug;
		};
		81AC84682DBAF37700C8D835 /* Release */ = {
			isa = XCBuildConfiguration;
			buildSettings = {
				BUNDLE_LOADER = "$(TEST_HOST)";
				CODE_SIGN_STYLE = Automatic;
				CURRENT_PROJECT_VERSION = 1;
				DEVELOPMENT_TEAM = NDBG6FYALZ;
				GENERATE_INFOPLIST_FILE = YES;
				MACOSX_DEPLOYMENT_TARGET = 10.14;
				MARKETING_VERSION = 1.0;
				PRODUCT_BUNDLE_IDENTIFIER = "com.jjsm.Quick-UCTests";
				PRODUCT_NAME = "$(TARGET_NAME)";
				SWIFT_EMIT_LOC_STRINGS = NO;
				SWIFT_VERSION = 5.0;
				TEST_HOST = "$(BUILT_PRODUCTS_DIR)/Quick UC.app/$(BUNDLE_EXECUTABLE_FOLDER_PATH)/Quick UC";
			};
			name = Release;
		};
		81AC846A2DBAF37700C8D835 /* Debug */ = {
			isa = XCBuildConfiguration;
			buildSettings = {
				CODE_SIGN_STYLE = Automatic;
				CURRENT_PROJECT_VERSION = 1;
				DEVELOPMENT_TEAM = NDBG6FYALZ;
				GENERATE_INFOPLIST_FILE = YES;
				MARKETING_VERSION = 1.0;
				PRODUCT_BUNDLE_IDENTIFIER = "com.jjsm.Quick-UCUITests";
				PRODUCT_NAME = "$(TARGET_NAME)";
				SWIFT_EMIT_LOC_STRINGS = NO;
				SWIFT_VERSION = 5.0;
				TEST_TARGET_NAME = "Quick UC";
			};
			name = Debug;
		};
		81AC846B2DBAF37700C8D835 /* Release */ = {
			isa = XCBuildConfiguration;
			buildSettings = {
				CODE_SIGN_STYLE = Automatic;
				CURRENT_PROJECT_VERSION = 1;
				DEVELOPMENT_TEAM = NDBG6FYALZ;
				GENERATE_INFOPLIST_FILE = YES;
				MARKETING_VERSION = 1.0;
				PRODUCT_BUNDLE_IDENTIFIER = "com.jjsm.Quick-UCUITests";
				PRODUCT_NAME = "$(TARGET_NAME)";
				SWIFT_EMIT_LOC_STRINGS = NO;
				SWIFT_VERSION = 5.0;
				TEST_TARGET_NAME = "Quick UC";
			};
			name = Release;
		};
/* End XCBuildConfiguration section */

/* Begin XCConfigurationList section */
		81AC840B2DBAF37500C8D835 /* Build configuration list for PBXProject "Quick UC" */ = {
			isa = XCConfigurationList;
			buildConfigurations = (
				81AC84602DBAF37700C8D835 /* Debug */,
				81AC84612DBAF37700C8D835 /* Release */,
			);
			defaultConfigurationIsVisible = 0;
			defaultConfigurationName = Release;
		};
		81AC845D2DBAF37700C8D835 /* Build configuration list for PBXNativeTarget "Quick UC Extension" */ = {
			isa = XCConfigurationList;
			buildConfigurations = (
				81AC845E2DBAF37700C8D835 /* Debug */,
				81AC845F2DBAF37700C8D835 /* Release */,
			);
			defaultConfigurationIsVisible = 0;
			defaultConfigurationName = Release;
		};
		81AC84632DBAF37700C8D835 /* Build configuration list for PBXNativeTarget "Quick UC" */ = {
			isa = XCConfigurationList;
			buildConfigurations = (
				81AC84642DBAF37700C8D835 /* Debug */,
				81AC84652DBAF37700C8D835 /* Release */,
			);
			defaultConfigurationIsVisible = 0;
			defaultConfigurationName = Release;
		};
		81AC84662DBAF37700C8D835 /* Build configuration list for PBXNativeTarget "Quick UCTests" */ = {
			isa = XCConfigurationList;
			buildConfigurations = (
				81AC84672DBAF37700C8D835 /* Debug */,
				81AC84682DBAF37700C8D835 /* Release */,
			);
			defaultConfigurationIsVisible = 0;
			defaultConfigurationName = Release;
		};
		81AC84692DBAF37700C8D835 /* Build configuration list for PBXNativeTarget "Quick UCUITests" */ = {
			isa = XCConfigurationList;
			buildConfigurations = (
				81AC846A2DBAF37700C8D835 /* Debug */,
				81AC846B2DBAF37700C8D835 /* Release */,
			);
			defaultConfigurationIsVisible = 0;
			defaultConfigurationName = Release;
		};
/* End XCConfigurationList section */
	};
	rootObject = 81AC84082DBAF37500C8D835 /* Project object */;
}
